%{
  "expletive": {:git, "https://github.com/peaceful-organization/expletive.git", "b3737b50e78a58b5eaa3ea45fc132cd1e8d0b5cb", [branch: "peaceful-mods"]},
  "xxhash": {:hex, :xxhash, "0.2.1", "ab0893a8124f3c11116c57e500485dc5f67817d1d4c44f0fff41f3fd3c590607", [:mix], [], "hexpm", "62dc7fe79cdcbb3e279e4b9409d58f6daaf81502140b928c1605d39f3caf0c3a"},
}
